PODS:
  - CocoaLumberjack (2.2.0):
    - CocoaLumberjack/Default (= 2.2.0)
    - CocoaLumberjack/Extensions (= 2.2.0)
  - CocoaLumberjack/Core (2.2.0)
  - CocoaLumberjack/Default (2.2.0):
    - CocoaLumberjack/Core
  - CocoaLumberjack/Extensions (2.2.0):
    - CocoaLumberjack/Default
  - Kiwi (2.4.0)
  - Oscar (1.0.0):
    - CocoaLumberjack
    - RXPromise (~> 1.0.3)
  - RXPromise (1.0.3)

DEPENDENCIES:
  - CocoaLumberjack
  - Kiwi
  - Oscar (from `./`)
  - RXPromise (~> 1.0.3)

EXTERNAL SOURCES:
  Oscar:
    :path: "./"

SPEC CHECKSUMS:
  CocoaLumberjack: 17fe8581f84914d5d7e6360f7c70022b173c3ae0
  Kiwi: f49c9d54b28917df5928fe44968a39ed198cb8a8
  Oscar: a6ec8abee64daf4d36bc0771ca4aef9c4a3509a7
  RXPromise: 2cd975d9b0794ef6a29d7dd688b220820f461368

COCOAPODS: 0.39.0
