// !$*UTF8*$!
{
	archiveVersion = 1;
	classes = {
	};
	objectVersion = 46;
	objects = {

/* Begin PBXBuildFile section */
		0060EC511CBE37DF0007AF24 /* OSActorFutureCancellationTest.m in Sources */ = {isa = PBXBuildFile; fileRef = 0060EC501CBE37DF0007AF24 /* OSActorFutureCancellationTest.m */; };
		0060EC541CBE388C0007AF24 /* OSCancellableActor.m in Sources */ = {isa = PBXBuildFile; fileRef = 0060EC531CBE388C0007AF24 /* OSCancellableActor.m */; };
		4DC00B821B862F7C0037BA74 /* OSActorExecutorTest.m in Sources */ = {isa = PBXBuildFile; fileRef = 4DC00B771B862F7C0037BA74 /* OSActorExecutorTest.m */; };
		4DC00B831B862F7C0037BA74 /* OSActorOperationTest.m in Sources */ = {isa = PBXBuildFile; fileRef = 4DC00B781B862F7C0037BA74 /* OSActorOperationTest.m */; };
		4DC00B841B862F7C0037BA74 /* OSActorRefTest.m in Sources */ = {isa = PBXBuildFile; fileRef = 4DC00B791B862F7C0037BA74 /* OSActorRefTest.m */; };
		4DC00B851B862F7C0037BA74 /* OSActorSystemTest.m in Sources */ = {isa = PBXBuildFile; fileRef = 4DC00B7A1B862F7C0037BA74 /* OSActorSystemTest.m */; };
		4DC00B861B862F7C0037BA74 /* OSActorTest.m in Sources */ = {isa = PBXBuildFile; fileRef = 4DC00B7B1B862F7C0037BA74 /* OSActorTest.m */; };
		4DC00B871B862F7C0037BA74 /* OSInstanceActorProviderTests.m in Sources */ = {isa = PBXBuildFile; fileRef = 4DC00B7C1B862F7C0037BA74 /* OSInstanceActorProviderTests.m */; };
		4DC00B881B862F7C0037BA74 /* OSMessageDispatcherTest.m in Sources */ = {isa = PBXBuildFile; fileRef = 4DC00B7D1B862F7C0037BA74 /* OSMessageDispatcherTest.m */; };
		4DC00B891B862F7C0037BA74 /* OSMessageHandlerTest.m in Sources */ = {isa = PBXBuildFile; fileRef = 4DC00B7E1B862F7C0037BA74 /* OSMessageHandlerTest.m */; };
		4DC00B8A1B862F7C0037BA74 /* OSPullActorProviderTests.m in Sources */ = {isa = PBXBuildFile; fileRef = 4DC00B7F1B862F7C0037BA74 /* OSPullActorProviderTests.m */; };
		4DC00B8C1B862F7C0037BA74 /* OSSingletonActorProviderTest.m in Sources */ = {isa = PBXBuildFile; fileRef = 4DC00B811B862F7C0037BA74 /* OSSingletonActorProviderTest.m */; };
		4DC00B901B8630B80037BA74 /* OSPromiseMatcher.m in Sources */ = {isa = PBXBuildFile; fileRef = 4DC00B8F1B8630B80037BA74 /* OSPromiseMatcher.m */; };
		4DC00B931B8630D90037BA74 /* OSActorSystemMock.m in Sources */ = {isa = PBXBuildFile; fileRef = 4DC00B921B8630D90037BA74 /* OSActorSystemMock.m */; };
		6003F58E195388D20070C39A /* Foundation.framework in Frameworks */ = {isa = PBXBuildFile; fileRef = 6003F58D195388D20070C39A /* Foundation.framework */; };
		6003F590195388D20070C39A /* CoreGraphics.framework in Frameworks */ = {isa = PBXBuildFile; fileRef = 6003F58F195388D20070C39A /* CoreGraphics.framework */; };
		6003F592195388D20070C39A /* UIKit.framework in Frameworks */ = {isa = PBXBuildFile; fileRef = 6003F591195388D20070C39A /* UIKit.framework */; };
		6003F598195388D20070C39A /* InfoPlist.strings in Resources */ = {isa = PBXBuildFile; fileRef = 6003F596195388D20070C39A /* InfoPlist.strings */; };
		6003F59A195388D20070C39A /* main.m in Sources */ = {isa = PBXBuildFile; fileRef = 6003F599195388D20070C39A /* main.m */; };
		6003F59E195388D20070C39A /* OSAppDelegate.m in Sources */ = {isa = PBXBuildFile; fileRef = 6003F59D195388D20070C39A /* OSAppDelegate.m */; };
		6003F5A7195388D20070C39A /* OSViewController.m in Sources */ = {isa = PBXBuildFile; fileRef = 6003F5A6195388D20070C39A /* OSViewController.m */; };
		6003F5A9195388D20070C39A /* Images.xcassets in Resources */ = {isa = PBXBuildFile; fileRef = 6003F5A8195388D20070C39A /* Images.xcassets */; };
		6003F5B0195388D20070C39A /* XCTest.framework in Frameworks */ = {isa = PBXBuildFile; fileRef = 6003F5AF195388D20070C39A /* XCTest.framework */; };
		6003F5B1195388D20070C39A /* Foundation.framework in Frameworks */ = {isa = PBXBuildFile; fileRef = 6003F58D195388D20070C39A /* Foundation.framework */; };
		6003F5B2195388D20070C39A /* UIKit.framework in Frameworks */ = {isa = PBXBuildFile; fileRef = 6003F591195388D20070C39A /* UIKit.framework */; };
		6003F5BA195388D20070C39A /* InfoPlist.strings in Resources */ = {isa = PBXBuildFile; fileRef = 6003F5B8195388D20070C39A /* InfoPlist.strings */; };
		873B8AEB1B1F5CCA007FD442 /* Main.storyboard in Resources */ = {isa = PBXBuildFile; fileRef = 873B8AEA1B1F5CCA007FD442 /* Main.storyboard */; };
		BD85463C6F4238DC6D694E36 /* libPods-Oscar_Example.a in Frameworks */ = {isa = PBXBuildFile; fileRef = 598F72575CEE2AFEF354EC45 /* libPods-Oscar_Example.a */; };
		EACA0BEE104667D7E7C45D51 /* libPods-Oscar_Tests.a in Frameworks */ = {isa = PBXBuildFile; fileRef = 6E938E57D1013AFD6048C4AF /* libPods-Oscar_Tests.a */; };
/* End PBXBuildFile section */

/* Begin PBXContainerItemProxy section */
		6003F5B3195388D20070C39A /* PBXContainerItemProxy */ = {
			isa = PBXContainerItemProxy;
			containerPortal = 6003F582195388D10070C39A /* Project object */;
			proxyType = 1;
			remoteGlobalIDString = 6003F589195388D20070C39A;
			remoteInfo = Oscar;
		};
/* End PBXContainerItemProxy section */

/* Begin PBXFileReference section */
		0060EC501CBE37DF0007AF24 /* OSActorFutureCancellationTest.m */ = {isa = PBXFileReference; fileEncoding = 4; lastKnownFileType = sourcecode.c.objc; path = OSActorFutureCancellationTest.m; sourceTree = "<group>"; };
		0060EC521CBE388C0007AF24 /* OSCancellableActor.h */ = {isa = PBXFileReference; fileEncoding = 4; lastKnownFileType = sourcecode.c.h; path = OSCancellableActor.h; sourceTree = "<group>"; };
		0060EC531CBE388C0007AF24 /* OSCancellableActor.m */ = {isa = PBXFileReference; fileEncoding = 4; lastKnownFileType = sourcecode.c.objc; path = OSCancellableActor.m; sourceTree = "<group>"; };
		05A536E612C78458104F4F1F /* LICENSE */ = {isa = PBXFileReference; includeInIndex = 1; lastKnownFileType = text; name = LICENSE; path = ../LICENSE; sourceTree = "<group>"; };
		0A4004F208543A6D47FCCA3E /* README.md */ = {isa = PBXFileReference; includeInIndex = 1; lastKnownFileType = net.daringfireball.markdown; name = README.md; path = ../README.md; sourceTree = "<group>"; };
		4DC00B771B862F7C0037BA74 /* OSActorExecutorTest.m */ = {isa = PBXFileReference; fileEncoding = 4; lastKnownFileType = sourcecode.c.objc; path = OSActorExecutorTest.m; sourceTree = "<group>"; };
		4DC00B781B862F7C0037BA74 /* OSActorOperationTest.m */ = {isa = PBXFileReference; fileEncoding = 4; lastKnownFileType = sourcecode.c.objc; path = OSActorOperationTest.m; sourceTree = "<group>"; };
		4DC00B791B862F7C0037BA74 /* OSActorRefTest.m */ = {isa = PBXFileReference; fileEncoding = 4; lastKnownFileType = sourcecode.c.objc; path = OSActorRefTest.m; sourceTree = "<group>"; };
		4DC00B7A1B862F7C0037BA74 /* OSActorSystemTest.m */ = {isa = PBXFileReference; fileEncoding = 4; lastKnownFileType = sourcecode.c.objc; path = OSActorSystemTest.m; sourceTree = "<group>"; };
		4DC00B7B1B862F7C0037BA74 /* OSActorTest.m */ = {isa = PBXFileReference; fileEncoding = 4; lastKnownFileType = sourcecode.c.objc; path = OSActorTest.m; sourceTree = "<group>"; };
		4DC00B7C1B862F7C0037BA74 /* OSInstanceActorProviderTests.m */ = {isa = PBXFileReference; fileEncoding = 4; lastKnownFileType = sourcecode.c.objc; path = OSInstanceActorProviderTests.m; sourceTree = "<group>"; };
		4DC00B7D1B862F7C0037BA74 /* OSMessageDispatcherTest.m */ = {isa = PBXFileReference; fileEncoding = 4; lastKnownFileType = sourcecode.c.objc; path = OSMessageDispatcherTest.m; sourceTree = "<group>"; };
		4DC00B7E1B862F7C0037BA74 /* OSMessageHandlerTest.m */ = {isa = PBXFileReference; fileEncoding = 4; lastKnownFileType = sourcecode.c.objc; path = OSMessageHandlerTest.m; sourceTree = "<group>"; };
		4DC00B7F1B862F7C0037BA74 /* OSPullActorProviderTests.m */ = {isa = PBXFileReference; fileEncoding = 4; lastKnownFileType = sourcecode.c.objc; path = OSPullActorProviderTests.m; sourceTree = "<group>"; };
		4DC00B811B862F7C0037BA74 /* OSSingletonActorProviderTest.m */ = {isa = PBXFileReference; fileEncoding = 4; lastKnownFileType = sourcecode.c.objc; path = OSSingletonActorProviderTest.m; sourceTree = "<group>"; };
		4DC00B8E1B8630B80037BA74 /* OSPromiseMatcher.h */ = {isa = PBXFileReference; fileEncoding = 4; lastKnownFileType = sourcecode.c.h; path = OSPromiseMatcher.h; sourceTree = "<group>"; };
		4DC00B8F1B8630B80037BA74 /* OSPromiseMatcher.m */ = {isa = PBXFileReference; fileEncoding = 4; lastKnownFileType = sourcecode.c.objc; path = OSPromiseMatcher.m; sourceTree = "<group>"; };
		4DC00B911B8630D90037BA74 /* OSActorSystemMock.h */ = {isa = PBXFileReference; fileEncoding = 4; lastKnownFileType = sourcecode.c.h; path = OSActorSystemMock.h; sourceTree = "<group>"; };
		4DC00B921B8630D90037BA74 /* OSActorSystemMock.m */ = {isa = PBXFileReference; fileEncoding = 4; lastKnownFileType = sourcecode.c.objc; path = OSActorSystemMock.m; sourceTree = "<group>"; };
		594983EAFA3719654F28F606 /* Pods-Oscar_Tests.release.xcconfig */ = {isa = PBXFileReference; includeInIndex = 1; lastKnownFileType = text.xcconfig; name = "Pods-Oscar_Tests.release.xcconfig"; path = "Pods/Target Support Files/Pods-Oscar_Tests/Pods-Oscar_Tests.release.xcconfig"; sourceTree = "<group>"; };
		598F72575CEE2AFEF354EC45 /* libPods-Oscar_Example.a */ = {isa = PBXFileReference; explicitFileType = archive.ar; includeInIndex = 0; path = "libPods-Oscar_Example.a"; sourceTree = BUILT_PRODUCTS_DIR; };
		6003F58A195388D20070C39A /* Oscar_Example.app */ = {isa = PBXFileReference; explicitFileType = wrapper.application; includeInIndex = 0; path = Oscar_Example.app; sourceTree = BUILT_PRODUCTS_DIR; };
		6003F58D195388D20070C39A /* Foundation.framework */ = {isa = PBXFileReference; lastKnownFileType = wrapper.framework; name = Foundation.framework; path = System/Library/Frameworks/Foundation.framework; sourceTree = SDKROOT; };
		6003F58F195388D20070C39A /* CoreGraphics.framework */ = {isa = PBXFileReference; lastKnownFileType = wrapper.framework; name = CoreGraphics.framework; path = System/Library/Frameworks/CoreGraphics.framework; sourceTree = SDKROOT; };
		6003F591195388D20070C39A /* UIKit.framework */ = {isa = PBXFileReference; lastKnownFileType = wrapper.framework; name = UIKit.framework; path = System/Library/Frameworks/UIKit.framework; sourceTree = SDKROOT; };
		6003F595195388D20070C39A /* Oscar-Info.plist */ = {isa = PBXFileReference; lastKnownFileType = text.plist.xml; path = "Oscar-Info.plist"; sourceTree = "<group>"; };
		6003F597195388D20070C39A /* en */ = {isa = PBXFileReference; lastKnownFileType = text.plist.strings; name = en; path = en.lproj/InfoPlist.strings; sourceTree = "<group>"; };
		6003F599195388D20070C39A /* main.m */ = {isa = PBXFileReference; lastKnownFileType = sourcecode.c.objc; path = main.m; sourceTree = "<group>"; };
		6003F59B195388D20070C39A /* Oscar-Prefix.pch */ = {isa = PBXFileReference; lastKnownFileType = sourcecode.c.h; path = "Oscar-Prefix.pch"; sourceTree = "<group>"; };
		6003F59C195388D20070C39A /* OSAppDelegate.h */ = {isa = PBXFileReference; lastKnownFileType = sourcecode.c.h; path = OSAppDelegate.h; sourceTree = "<group>"; };
		6003F59D195388D20070C39A /* OSAppDelegate.m */ = {isa = PBXFileReference; lastKnownFileType = sourcecode.c.objc; path = OSAppDelegate.m; sourceTree = "<group>"; };
		6003F5A5195388D20070C39A /* OSViewController.h */ = {isa = PBXFileReference; lastKnownFileType = sourcecode.c.h; path = OSViewController.h; sourceTree = "<group>"; };
		6003F5A6195388D20070C39A /* OSViewController.m */ = {isa = PBXFileReference; lastKnownFileType = sourcecode.c.objc; path = OSViewController.m; sourceTree = "<group>"; };
		6003F5A8195388D20070C39A /* Images.xcassets */ = {isa = PBXFileReference; lastKnownFileType = folder.assetcatalog; path = Images.xcassets; sourceTree = "<group>"; };
		6003F5AE195388D20070C39A /* Oscar_Tests.xctest */ = {isa = PBXFileReference; explicitFileType = wrapper.cfbundle; includeInIndex = 0; path = Oscar_Tests.xctest; sourceTree = BUILT_PRODUCTS_DIR; };
		6003F5AF195388D20070C39A /* XCTest.framework */ = {isa = PBXFileReference; lastKnownFileType = wrapper.framework; name = XCTest.framework; path = Library/Frameworks/XCTest.framework; sourceTree = DEVELOPER_DIR; };
		6003F5B7195388D20070C39A /* Tests-Info.plist */ = {isa = PBXFileReference; lastKnownFileType = text.plist.xml; path = "Tests-Info.plist"; sourceTree = "<group>"; };
		6003F5B9195388D20070C39A /* en */ = {isa = PBXFileReference; lastKnownFileType = text.plist.strings; name = en; path = en.lproj/InfoPlist.strings; sourceTree = "<group>"; };
		606FC2411953D9B200FFA9A0 /* Tests-Prefix.pch */ = {isa = PBXFileReference; lastKnownFileType = sourcecode.c.h; path = "Tests-Prefix.pch"; sourceTree = "<group>"; };
		6E938E57D1013AFD6048C4AF /* libPods-Oscar_Tests.a */ = {isa = PBXFileReference; explicitFileType = archive.ar; includeInIndex = 0; path = "libPods-Oscar_Tests.a"; sourceTree = BUILT_PRODUCTS_DIR; };
		74DEC2C4617A7BF0A9FC4AAB /* Oscar.podspec */ = {isa = PBXFileReference; includeInIndex = 1; lastKnownFileType = text; name = Oscar.podspec; path = ../Oscar.podspec; sourceTree = "<group>"; };
		811A3731AACEF32BB988AB1A /* Pods-Oscar_Tests.debug.xcconfig */ = {isa = PBXFileReference; includeInIndex = 1; lastKnownFileType = text.xcconfig; name = "Pods-Oscar_Tests.debug.xcconfig"; path = "Pods/Target Support Files/Pods-Oscar_Tests/Pods-Oscar_Tests.debug.xcconfig"; sourceTree = "<group>"; };
		873B8AEA1B1F5CCA007FD442 /* Main.storyboard */ = {isa = PBXFileReference; fileEncoding = 4; lastKnownFileType = file.storyboard; path = Main.storyboard; sourceTree = "<group>"; };
		ED77DE03C1D2A00E445A9F14 /* Pods-Oscar_Example.release.xcconfig */ = {isa = PBXFileReference; includeInIndex = 1; lastKnownFileType = text.xcconfig; name = "Pods-Oscar_Example.release.xcconfig"; path = "Pods/Target Support Files/Pods-Oscar_Example/Pods-Oscar_Example.release.xcconfig"; sourceTree = "<group>"; };
		F1717E56AD8176D4125D9B42 /* Pods-Oscar_Example.debug.xcconfig */ = {isa = PBXFileReference; includeInIndex = 1; lastKnownFileType = text.xcconfig; name = "Pods-Oscar_Example.debug.xcconfig"; path = "Pods/Target Support Files/Pods-Oscar_Example/Pods-Oscar_Example.debug.xcconfig"; sourceTree = "<group>"; };
/* End PBXFileReference section */

/* Begin PBXFrameworksBuildPhase section */
		6003F587195388D20070C39A /* Frameworks */ = {
			isa = PBXFrameworksBuildPhase;
			buildActionMask = 2147483647;
			files = (
				6003F590195388D20070C39A /* CoreGraphics.framework in Frameworks */,
				6003F592195388D20070C39A /* UIKit.framework in Frameworks */,
				6003F58E195388D20070C39A /* Foundation.framework in Frameworks */,
				BD85463C6F4238DC6D694E36 /* libPods-Oscar_Example.a in Frameworks */,
			);
			runOnlyForDeploymentPostprocessing = 0;
		};
		6003F5AB195388D20070C39A /* Frameworks */ = {
			isa = PBXFrameworksBuildPhase;
			buildActionMask = 2147483647;
			files = (
				6003F5B0195388D20070C39A /* XCTest.framework in Frameworks */,
				6003F5B2195388D20070C39A /* UIKit.framework in Frameworks */,
				6003F5B1195388D20070C39A /* Foundation.framework in Frameworks */,
				EACA0BEE104667D7E7C45D51 /* libPods-Oscar_Tests.a in Frameworks */,
			);
			runOnlyForDeploymentPostprocessing = 0;
		};
/* End PBXFrameworksBuildPhase section */

/* Begin PBXGroup section */
		4DC00B8D1B8630B80037BA74 /* Promise Matcher */ = {
			isa = PBXGroup;
			children = (
				4DC00B8E1B8630B80037BA74 /* OSPromiseMatcher.h */,
				4DC00B8F1B8630B80037BA74 /* OSPromiseMatcher.m */,
			);
			path = "Promise Matcher";
			sourceTree = "<group>";
		};
		6003F581195388D10070C39A = {
			isa = PBXGroup;
			children = (
				60FF7A9C1954A5C5007DD14C /* Podspec Metadata */,
				6003F593195388D20070C39A /* Example for Oscar */,
				6003F5B5195388D20070C39A /* Tests */,
				6003F58C195388D20070C39A /* Frameworks */,
				6003F58B195388D20070C39A /* Products */,
				72DC118652BC43451C762D4C /* Pods */,
			);
			sourceTree = "<group>";
		};
		6003F58B195388D20070C39A /* Products */ = {
			isa = PBXGroup;
			children = (
				6003F58A195388D20070C39A /* Oscar_Example.app */,
				6003F5AE195388D20070C39A /* Oscar_Tests.xctest */,
			);
			name = Products;
			sourceTree = "<group>";
		};
		6003F58C195388D20070C39A /* Frameworks */ = {
			isa = PBXGroup;
			children = (
				6003F58D195388D20070C39A /* Foundation.framework */,
				6003F58F195388D20070C39A /* CoreGraphics.framework */,
				6003F591195388D20070C39A /* UIKit.framework */,
				6003F5AF195388D20070C39A /* XCTest.framework */,
				598F72575CEE2AFEF354EC45 /* libPods-Oscar_Example.a */,
				6E938E57D1013AFD6048C4AF /* libPods-Oscar_Tests.a */,
			);
			name = Frameworks;
			sourceTree = "<group>";
		};
		6003F593195388D20070C39A /* Example for Oscar */ = {
			isa = PBXGroup;
			children = (
				6003F59C195388D20070C39A /* OSAppDelegate.h */,
				6003F59D195388D20070C39A /* OSAppDelegate.m */,
				873B8AEA1B1F5CCA007FD442 /* Main.storyboard */,
				6003F5A5195388D20070C39A /* OSViewController.h */,
				6003F5A6195388D20070C39A /* OSViewController.m */,
				6003F5A8195388D20070C39A /* Images.xcassets */,
				6003F594195388D20070C39A /* Supporting Files */,
			);
			name = "Example for Oscar";
			path = Oscar;
			sourceTree = "<group>";
		};
		6003F594195388D20070C39A /* Supporting Files */ = {
			isa = PBXGroup;
			children = (
				6003F595195388D20070C39A /* Oscar-Info.plist */,
				6003F596195388D20070C39A /* InfoPlist.strings */,
				6003F599195388D20070C39A /* main.m */,
				6003F59B195388D20070C39A /* Oscar-Prefix.pch */,
			);
			name = "Supporting Files";
			sourceTree = "<group>";
		};
		6003F5B5195388D20070C39A /* Tests */ = {
			isa = PBXGroup;
			children = (
				4DC00B911B8630D90037BA74 /* OSActorSystemMock.h */,
				4DC00B921B8630D90037BA74 /* OSActorSystemMock.m */,
				0060EC521CBE388C0007AF24 /* OSCancellableActor.h */,
				0060EC531CBE388C0007AF24 /* OSCancellableActor.m */,
				4DC00B8D1B8630B80037BA74 /* Promise Matcher */,
				4DC00B771B862F7C0037BA74 /* OSActorExecutorTest.m */,
				0060EC501CBE37DF0007AF24 /* OSActorFutureCancellationTest.m */,
				4DC00B781B862F7C0037BA74 /* OSActorOperationTest.m */,
				4DC00B791B862F7C0037BA74 /* OSActorRefTest.m */,
				4DC00B7A1B862F7C0037BA74 /* OSActorSystemTest.m */,
				4DC00B7B1B862F7C0037BA74 /* OSActorTest.m */,
				4DC00B7C1B862F7C0037BA74 /* OSInstanceActorProviderTests.m */,
				4DC00B7D1B862F7C0037BA74 /* OSMessageDispatcherTest.m */,
				4DC00B7E1B862F7C0037BA74 /* OSMessageHandlerTest.m */,
				4DC00B7F1B862F7C0037BA74 /* OSPullActorProviderTests.m */,
				4DC00B811B862F7C0037BA74 /* OSSingletonActorProviderTest.m */,
				6003F5B6195388D20070C39A /* Supporting Files */,
			);
			path = Tests;
			sourceTree = "<group>";
		};
		6003F5B6195388D20070C39A /* Supporting Files */ = {
			isa = PBXGroup;
			children = (
				6003F5B7195388D20070C39A /* Tests-Info.plist */,
				6003F5B8195388D20070C39A /* InfoPlist.strings */,
				606FC2411953D9B200FFA9A0 /* Tests-Prefix.pch */,
			);
			name = "Supporting Files";
			sourceTree = "<group>";
		};
		60FF7A9C1954A5C5007DD14C /* Podspec Metadata */ = {
			isa = PBXGroup;
			children = (
				74DEC2C4617A7BF0A9FC4AAB /* Oscar.podspec */,
				0A4004F208543A6D47FCCA3E /* README.md */,
				05A536E612C78458104F4F1F /* LICENSE */,
			);
			name = "Podspec Metadata";
			sourceTree = "<group>";
		};
		72DC118652BC43451C762D4C /* Pods */ = {
			isa = PBXGroup;
			children = (
				F1717E56AD8176D4125D9B42 /* Pods-Oscar_Example.debug.xcconfig */,
				ED77DE03C1D2A00E445A9F14 /* Pods-Oscar_Example.release.xcconfig */,
				811A3731AACEF32BB988AB1A /* Pods-Oscar_Tests.debug.xcconfig */,
				594983EAFA3719654F28F606 /* Pods-Oscar_Tests.release.xcconfig */,
			);
			name = Pods;
			sourceTree = "<group>";
		};
/* End PBXGroup section */

/* Begin PBXNativeTarget section */
		6003F589195388D20070C39A /* Oscar_Example */ = {
			isa = PBXNativeTarget;
			buildConfigurationList = 6003F5BF195388D20070C39A /* Build configuration list for PBXNativeTarget "Oscar_Example" */;
			buildPhases = (
				26097EEF767A2D0F86555CCA /* Check Pods Manifest.lock */,
				6003F586195388D20070C39A /* Sources */,
				6003F587195388D20070C39A /* Frameworks */,
				6003F588195388D20070C39A /* Resources */,
				53656EA84335C4B0B45B6B0E /* Copy Pods Resources */,
				4650FA96651A47F864F2088F /* Embed Pods Frameworks */,
			);
			buildRules = (
			);
			dependencies = (
			);
			name = Oscar_Example;
			productName = Oscar;
			productReference = 6003F58A195388D20070C39A /* Oscar_Example.app */;
			productType = "com.apple.product-type.application";
		};
		6003F5AD195388D20070C39A /* Oscar_Tests */ = {
			isa = PBXNativeTarget;
			buildConfigurationList = 6003F5C2195388D20070C39A /* Build configuration list for PBXNativeTarget "Oscar_Tests" */;
			buildPhases = (
				5D72781561C00125233EF3A0 /* Check Pods Manifest.lock */,
				6003F5AA195388D20070C39A /* Sources */,
				6003F5AB195388D20070C39A /* Frameworks */,
				6003F5AC195388D20070C39A /* Resources */,
				2FB4ADB0EF35251B9E846B60 /* Copy Pods Resources */,
				95A3773756235E59ACED9B1C /* Embed Pods Frameworks */,
			);
			buildRules = (
			);
			dependencies = (
				6003F5B4195388D20070C39A /* PBXTargetDependency */,
			);
			name = Oscar_Tests;
			productName = OscarTests;
			productReference = 6003F5AE195388D20070C39A /* Oscar_Tests.xctest */;
			productType = "com.apple.product-type.bundle.unit-test";
		};
/* End PBXNativeTarget section */

/* Begin PBXProject section */
		6003F582195388D10070C39A /* Project object */ = {
			isa = PBXProject;
			attributes = {
				CLASSPREFIX = OS;
				LastUpgradeCheck = 0720;
				ORGANIZATIONNAME = "Anastasiya Gorban";
				TargetAttributes = {
					6003F5AD195388D20070C39A = {
						TestTargetID = 6003F589195388D20070C39A;
					};
				};
			};
			buildConfigurationList = 6003F585195388D10070C39A /* Build configuration list for PBXProject "Oscar" */;
			compatibilityVersion = "Xcode 3.2";
			developmentRegion = English;
			hasScannedForEncodings = 0;
			knownRegions = (
				en,
				Base,
			);
			mainGroup = 6003F581195388D10070C39A;
			productRefGroup = 6003F58B195388D20070C39A /* Products */;
			projectDirPath = "";
			projectRoot = "";
			targets = (
				6003F589195388D20070C39A /* Oscar_Example */,
				6003F5AD195388D20070C39A /* Oscar_Tests */,
			);
		};
/* End PBXProject section */

/* Begin PBXResourcesBuildPhase section */
		6003F588195388D20070C39A /* Resources */ = {
			isa = PBXResourcesBuildPhase;
			buildActionMask = 2147483647;
			files = (
				873B8AEB1B1F5CCA007FD442 /* Main.storyboard in Resources */,
				6003F5A9195388D20070C39A /* Images.xcassets in Resources */,
				6003F598195388D20070C39A /* InfoPlist.strings in Resources */,
			);
			runOnlyForDeploymentPostprocessing = 0;
		};
		6003F5AC195388D20070C39A /* Resources */ = {
			isa = PBXResourcesBuildPhase;
			buildActionMask = 2147483647;
			files = (
				6003F5BA195388D20070C39A /* InfoPlist.strings in Resources */,
			);
			runOnlyForDeploymentPostprocessing = 0;
		};
/* End PBXResourcesBuildPhase section */

/* Begin PBXShellScriptBuildPhase section */
		26097EEF767A2D0F86555CCA /* Check Pods Manifest.lock */ = {
			isa = PBXShellScriptBuildPhase;
			buildActionMask = 2147483647;
			files = (
			);
			inputPaths = (
			);
			name = "Check Pods Manifest.lock";
			outputPaths = (
			);
			runOnlyForDeploymentPostprocessing = 0;
			shellPath = /bin/sh;
			shellScript = "diff \"${PODS_ROOT}/../Podfile.lock\" \"${PODS_ROOT}/Manifest.lock\" > /dev/null\nif [[ $? != 0 ]] ; then\n    cat << EOM\nerror: The sandbox is not in sync with the Podfile.lock. Run 'pod install' or update your CocoaPods installation.\nEOM\n    exit 1\nfi\n";
			showEnvVarsInLog = 0;
		};
		2FB4ADB0EF35251B9E846B60 /* Copy Pods Resources */ = {
			isa = PBXShellScriptBuildPhase;
			buildActionMask = 2147483647;
			files = (
			);
			inputPaths = (
			);
			name = "Copy Pods Resources";
			outputPaths = (
			);
			runOnlyForDeploymentPostprocessing = 0;
			shellPath = /bin/sh;
			shellScript = "\"${SRCROOT}/Pods/Target Support Files/Pods-Oscar_Tests/Pods-Oscar_Tests-resources.sh\"\n";
			showEnvVarsInLog = 0;
		};
		4650FA96651A47F864F2088F /* Embed Pods Frameworks */ = {
			isa = PBXShellScriptBuildPhase;
			buildActionMask = 2147483647;
			files = (
			);
			inputPaths = (
			);
			name = "Embed Pods Frameworks";
			outputPaths = (
			);
			runOnlyForDeploymentPostprocessing = 0;
			shellPath = /bin/sh;
			shellScript = "\"${SRCROOT}/Pods/Target Support Files/Pods-Oscar_Example/Pods-Oscar_Example-frameworks.sh\"\n";
			showEnvVarsInLog = 0;
		};
		53656EA84335C4B0B45B6B0E /* Copy Pods Resources */ = {
			isa = PBXShellScriptBuildPhase;
			buildActionMask = 2147483647;
			files = (
			);
			inputPaths = (
			);
			name = "Copy Pods Resources";
			outputPaths = (
			);
			runOnlyForDeploymentPostprocessing = 0;
			shellPath = /bin/sh;
			shellScript = "\"${SRCROOT}/Pods/Target Support Files/Pods-Oscar_Example/Pods-Oscar_Example-resources.sh\"\n";
			showEnvVarsInLog = 0;
		};
		5D72781561C00125233EF3A0 /* Check Pods Manifest.lock */ = {
			isa = PBXShellScriptBuildPhase;
			buildActionMask = 2147483647;
			files = (
			);
			inputPaths = (
			);
			name = "Check Pods Manifest.lock";
			outputPaths = (
			);
			runOnlyForDeploymentPostprocessing = 0;
			shellPath = /bin/sh;
			shellScript = "diff \"${PODS_ROOT}/../Podfile.lock\" \"${PODS_ROOT}/Manifest.lock\" > /dev/null\nif [[ $? != 0 ]] ; then\n    cat << EOM\nerror: The sandbox is not in sync with the Podfile.lock. Run 'pod install' or update your CocoaPods installation.\nEOM\n    exit 1\nfi\n";
			showEnvVarsInLog = 0;
		};
		95A3773756235E59ACED9B1C /* Embed Pods Frameworks */ = {
			isa = PBXShellScriptBuildPhase;
			buildActionMask = 2147483647;
			files = (
			);
			inputPaths = (
			);
			name = "Embed Pods Frameworks";
			outputPaths = (
			);
			runOnlyForDeploymentPostprocessing = 0;
			shellPath = /bin/sh;
			shellScript = "\"${SRCROOT}/Pods/Target Support Files/Pods-Oscar_Tests/Pods-Oscar_Tests-frameworks.sh\"\n";
			showEnvVarsInLog = 0;
		};
/* End PBXShellScriptBuildPhase section */

/* Begin PBXSourcesBuildPhase section */
		6003F586195388D20070C39A /* Sources */ = {
			isa = PBXSourcesBuildPhase;
			buildActionMask = 2147483647;
			files = (
				0060EC541CBE388C0007AF24 /* OSCancellableActor.m in Sources */,
				6003F59E195388D20070C39A /* OSAppDelegate.m in Sources */,
				6003F5A7195388D20070C39A /* OSViewController.m in Sources */,
				6003F59A195388D20070C39A /* main.m in Sources */,
			);
			runOnlyForDeploymentPostprocessing = 0;
		};
		6003F5AA195388D20070C39A /* Sources */ = {
			isa = PBXSourcesBuildPhase;
			buildActionMask = 2147483647;
			files = (
				4DC00B881B862F7C0037BA74 /* OSMessageDispatcherTest.m in Sources */,
				4DC00B831B862F7C0037BA74 /* OSActorOperationTest.m in Sources */,
				0060EC511CBE37DF0007AF24 /* OSActorFutureCancellationTest.m in Sources */,
				4DC00B841B862F7C0037BA74 /* OSActorRefTest.m in Sources */,
				4DC00B8A1B862F7C0037BA74 /* OSPullActorProviderTests.m in Sources */,
				4DC00B901B8630B80037BA74 /* OSPromiseMatcher.m in Sources */,
				4DC00B8C1B862F7C0037BA74 /* OSSingletonActorProviderTest.m in Sources */,
				4DC00B871B862F7C0037BA74 /* OSInstanceActorProviderTests.m in Sources */,
				4DC00B821B862F7C0037BA74 /* OSActorExecutorTest.m in Sources */,
				4DC00B861B862F7C0037BA74 /* OSActorTest.m in Sources */,
				4DC00B931B8630D90037BA74 /* OSActorSystemMock.m in Sources */,
				4DC00B891B862F7C0037BA74 /* OSMessageHandlerTest.m in Sources */,
				4DC00B851B862F7C0037BA74 /* OSActorSystemTest.m in Sources */,
			);
			runOnlyForDeploymentPostprocessing = 0;
		};
/* End PBXSourcesBuildPhase section */

/* Begin PBXTargetDependency section */
		6003F5B4195388D20070C39A /* PBXTargetDependency */ = {
			isa = PBXTargetDependency;
			target = 6003F589195388D20070C39A /* Oscar_Example */;
			targetProxy = 6003F5B3195388D20070C39A /* PBXContainerItemProxy */;
		};
/* End PBXTargetDependency section */

/* Begin PBXVariantGroup section */
		6003F596195388D20070C39A /* InfoPlist.strings */ = {
			isa = PBXVariantGroup;
			children = (
				6003F597195388D20070C39A /* en */,
			);
			name = InfoPlist.strings;
			sourceTree = "<group>";
		};
		6003F5B8195388D20070C39A /* InfoPlist.strings */ = {
			isa = PBXVariantGroup;
			children = (
				6003F5B9195388D20070C39A /* en */,
			);
			name = InfoPlist.strings;
			sourceTree = "<group>";
		};
/* End PBXVariantGroup section */

/* Begin XCBuildConfiguration section */
		6003F5BD195388D20070C39A /* Debug */ = {
			isa = XCBuildConfiguration;
			buildSettings = {
				ALWAYS_SEARCH_USER_PATHS = NO;
				CLANG_CXX_LANGUAGE_STANDARD = "gnu++0x";
				CLANG_CXX_LIBRARY = "libc++";
				CLANG_ENABLE_MODULES = YES;
				CLANG_ENABLE_OBJC_ARC = YES;
				CLANG_WARN_BOOL_CONVERSION = YES;
				CLANG_WARN_CONSTANT_CONVERSION = YES;
				CLANG_WARN_DIRECT_OBJC_ISA_USAGE = YES_ERROR;
				CLANG_WARN_EMPTY_BODY = YES;
				CLANG_WARN_ENUM_CONVERSION = YES;
				CLANG_WARN_INT_CONVERSION = YES;
				CLANG_WARN_OBJC_ROOT_CLASS = YES_ERROR;
				CLANG_WARN__DUPLICATE_METHOD_MATCH = YES;
				"CODE_SIGN_IDENTITY[sdk=iphoneos*]" = "iPhone Developer";
				COPY_PHASE_STRIP = NO;
				ENABLE_TESTABILITY = YES;
				GCC_C_LANGUAGE_STANDARD = gnu99;
				GCC_DYNAMIC_NO_PIC = NO;
				GCC_OPTIMIZATION_LEVEL = 0;
				GCC_PREPROCESSOR_DEFINITIONS = (
					"DEBUG=1",
					"$(inherited)",
				);
				GCC_SYMBOLS_PRIVATE_EXTERN = NO;
				GCC_WARN_64_TO_32_BIT_CONVERSION = YES;
				GCC_WARN_ABOUT_RETURN_TYPE = YES_ERROR;
				GCC_WARN_UNDECLARED_SELECTOR = YES;
				GCC_WARN_UNINITIALIZED_AUTOS = YES_AGGRESSIVE;
				GCC_WARN_UNUSED_FUNCTION = YES;
				GCC_WARN_UNUSED_VARIABLE = YES;
				IPHONEOS_DEPLOYMENT_TARGET = 7.1;
				ONLY_ACTIVE_ARCH = YES;
				SDKROOT = iphoneos;
				TARGETED_DEVICE_FAMILY = "1,2";
			};
			name = Debug;
		};
		6003F5BE195388D20070C39A /* Release */ = {
			isa = XCBuildConfiguration;
			buildSettings = {
				ALWAYS_SEARCH_USER_PATHS = NO;
				CLANG_CXX_LANGUAGE_STANDARD = "gnu++0x";
				CLANG_CXX_LIBRARY = "libc++";
				CLANG_ENABLE_MODULES = YES;
				CLANG_ENABLE_OBJC_ARC = YES;
				CLANG_WARN_BOOL_CONVERSION = YES;
				CLANG_WARN_CONSTANT_CONVERSION = YES;
				CLANG_WARN_DIRECT_OBJC_ISA_USAGE = YES_ERROR;
				CLANG_WARN_EMPTY_BODY = YES;
				CLANG_WARN_ENUM_CONVERSION = YES;
				CLANG_WARN_INT_CONVERSION = YES;
				CLANG_WARN_OBJC_ROOT_CLASS = YES_ERROR;
				CLANG_WARN__DUPLICATE_METHOD_MATCH = YES;
				"CODE_SIGN_IDENTITY[sdk=iphoneos*]" = "iPhone Developer";
				COPY_PHASE_STRIP = YES;
				ENABLE_NS_ASSERTIONS = NO;
				GCC_C_LANGUAGE_STANDARD = gnu99;
				GCC_WARN_64_TO_32_BIT_CONVERSION = YES;
				GCC_WARN_ABOUT_RETURN_TYPE = YES_ERROR;
				GCC_WARN_UNDECLARED_SELECTOR = YES;
				GCC_WARN_UNINITIALIZED_AUTOS = YES_AGGRESSIVE;
				GCC_WARN_UNUSED_FUNCTION = YES;
				GCC_WARN_UNUSED_VARIABLE = YES;
				IPHONEOS_DEPLOYMENT_TARGET = 7.1;
				SDKROOT = iphoneos;
				TARGETED_DEVICE_FAMILY = "1,2";
				VALIDATE_PRODUCT = YES;
			};
			name = Release;
		};
		6003F5C0195388D20070C39A /* Debug */ = {
			isa = XCBuildConfiguration;
			baseConfigurationReference = F1717E56AD8176D4125D9B42 /* Pods-Oscar_Example.debug.xcconfig */;
			buildSettings = {
				ASSETCATALOG_COMPILER_APPICON_NAME = AppIcon;
				ASSETCATALOG_COMPILER_LAUNCHIMAGE_NAME = LaunchImage;
				GCC_PRECOMPILE_PREFIX_HEADER = YES;
				GCC_PREFIX_HEADER = "Oscar/Oscar-Prefix.pch";
				INFOPLIST_FILE = "Oscar/Oscar-Info.plist";
				MODULE_NAME = ExampleApp;
				PRODUCT_BUNDLE_IDENTIFIER = "org.cocoapods.demo.${PRODUCT_NAME:rfc1034identifier}";
				PRODUCT_NAME = "$(TARGET_NAME)";
				WRAPPER_EXTENSION = app;
			};
			name = Debug;
		};
		6003F5C1195388D20070C39A /* Release */ = {
			isa = XCBuildConfiguration;
			baseConfigurationReference = ED77DE03C1D2A00E445A9F14 /* Pods-Oscar_Example.release.xcconfig */;
			buildSettings = {
				ASSETCATALOG_COMPILER_APPICON_NAME = AppIcon;
				ASSETCATALOG_COMPILER_LAUNCHIMAGE_NAME = LaunchImage;
				GCC_PRECOMPILE_PREFIX_HEADER = YES;
				GCC_PREFIX_HEADER = "Oscar/Oscar-Prefix.pch";
				INFOPLIST_FILE = "Oscar/Oscar-Info.plist";
				MODULE_NAME = ExampleApp;
				PRODUCT_BUNDLE_IDENTIFIER = "org.cocoapods.demo.${PRODUCT_NAME:rfc1034identifier}";
				PRODUCT_NAME = "$(TARGET_NAME)";
				WRAPPER_EXTENSION = app;
			};
			name = Release;
		};
		6003F5C3195388D20070C39A /* Debug */ = {
			isa = XCBuildConfiguration;
			baseConfigurationReference = 811A3731AACEF32BB988AB1A /* Pods-Oscar_Tests.debug.xcconfig */;
			buildSettings = {
				BUNDLE_LOADER = "$(TEST_HOST)";
				FRAMEWORK_SEARCH_PATHS = (
					"$(SDKROOT)/Developer/Library/Frameworks",
					"$(inherited)",
					"$(DEVELOPER_FRAMEWORKS_DIR)",
				);
				GCC_PRECOMPILE_PREFIX_HEADER = YES;
				GCC_PREFIX_HEADER = "Tests/Tests-Prefix.pch";
				GCC_PREPROCESSOR_DEFINITIONS = (
					"DEBUG=1",
					"$(inherited)",
				);
				INFOPLIST_FILE = "Tests/Tests-Info.plist";
				PRODUCT_BUNDLE_IDENTIFIER = "org.cocoapods.demo.${PRODUCT_NAME:rfc1034identifier}";
				PRODUCT_NAME = "$(TARGET_NAME)";
				TEST_HOST = "$(BUILT_PRODUCTS_DIR)/Oscar_Example.app/Oscar_Example";
				WRAPPER_EXTENSION = xctest;
			};
			name = Debug;
		};
		6003F5C4195388D20070C39A /* Release */ = {
			isa = XCBuildConfiguration;
			baseConfigurationReference = 594983EAFA3719654F28F606 /* Pods-Oscar_Tests.release.xcconfig */;
			buildSettings = {
				BUNDLE_LOADER = "$(TEST_HOST)";
				FRAMEWORK_SEARCH_PATHS = (
					"$(SDKROOT)/Developer/Library/Frameworks",
					"$(inherited)",
					"$(DEVELOPER_FRAMEWORKS_DIR)",
				);
				GCC_PRECOMPILE_PREFIX_HEADER = YES;
				GCC_PREFIX_HEADER = "Tests/Tests-Prefix.pch";
				INFOPLIST_FILE = "Tests/Tests-Info.plist";
				PRODUCT_BUNDLE_IDENTIFIER = "org.cocoapods.demo.${PRODUCT_NAME:rfc1034identifier}";
				PRODUCT_NAME = "$(TARGET_NAME)";
				TEST_HOST = "$(BUILT_PRODUCTS_DIR)/Oscar_Example.app/Oscar_Example";
				WRAPPER_EXTENSION = xctest;
			};
			name = Release;
		};
/* End XCBuildConfiguration section */

/* Begin XCConfigurationList section */
		6003F585195388D10070C39A /* Build configuration list for PBXProject "Oscar" */ = {
			isa = XCConfigurationList;
			buildConfigurations = (
				6003F5BD195388D20070C39A /* Debug */,
				6003F5BE195388D20070C39A /* Release */,
			);
			defaultConfigurationIsVisible = 0;
			defaultConfigurationName = Release;
		};
		6003F5BF195388D20070C39A /* Build configuration list for PBXNativeTarget "Oscar_Example" */ = {
			isa = XCConfigurationList;
			buildConfigurations = (
				6003F5C0195388D20070C39A /* Debug */,
				6003F5C1195388D20070C39A /* Release */,
			);
			defaultConfigurationIsVisible = 0;
			defaultConfigurationName = Release;
		};
		6003F5C2195388D20070C39A /* Build configuration list for PBXNativeTarget "Oscar_Tests" */ = {
			isa = XCConfigurationList;
			buildConfigurations = (
				6003F5C3195388D20070C39A /* Debug */,
				6003F5C4195388D20070C39A /* Release */,
			);
			defaultConfigurationIsVisible = 0;
			defaultConfigurationName = Release;
		};
/* End XCConfigurationList section */
	};
	rootObject = 6003F582195388D10070C39A /* Project object */;
}
